
Microsoft Visual Studio Solution File, Format Version 12.00
# Visual Studio Version 16
VisualStudioVersion = 16.0.30907.101
MinimumVisualStudioVersion = 10.0.40219.1
Project("{FAE04EC0-301F-11D3-BF4B-00C04F79EFBC}") = "Project Euler", "Project Euler\Project Euler.csproj", "{96B6E4EC-B2A1-4085-9E5A-4412B21E639F}"
EndProject
Project("{FAE04EC0-301F-11D3-BF4B-00C04F79EFBC}") = "NUnitTestProjectEuler", "NUnitTestProjectEuler\NUnitTestProjectEuler.csproj", "{BCE21851-902A-42B4-9C73-28227BDF8203}"
EndProject
Global
	GlobalSection(SolutionConfigurationPlatforms) = preSolution
		Debug|Any CPU = Debug|Any CPU
		Release|Any CPU = Release|Any CPU
	EndGlobalSection
	GlobalSection(ProjectConfigurationPlatforms) = postSolution
		{96B6E4EC-B2A1-4085-9E5A-4412B21E639F}.Debug|Any CPU.ActiveCfg = Debug|Any CPU
		{96B6E4EC-B2A1-4085-9E5A-4412B21E639F}.Debug|Any CPU.Build.0 = Debug|Any CPU
		{96B6E4EC-B2A1-4085-9E5A-4412B21E639F}.Release|Any CPU.ActiveCfg = Release|Any CPU
		{96B6E4EC-B2A1-4085-9E5A-4412B21E639F}.Release|Any CPU.Build.0 = Release|Any CPU
		{BCE21851-902A-42B4-9C73-28227BDF8203}.Debug|Any CPU.ActiveCfg = Debug|Any CPU
		{BCE21851-902A-42B4-9C73-28227BDF8203}.Debug|Any CPU.Build.0 = Debug|Any CPU
		{BCE21851-902A-42B4-9C73-28227BDF8203}.Release|Any CPU.ActiveCfg = Release|Any CPU
		{BCE21851-902A-42B4-9C73-28227BDF8203}.Release|Any CPU.Build.0 = Release|Any CPU
	EndGlobalSection
	GlobalSection(SolutionProperties) = preSolution
		HideSolutionNode = FALSE
	EndGlobalSection
	GlobalSection(ExtensibilityGlobals) = postSolution
		SolutionGuid = {261BF68D-4097-4538-B5CD-84513F1CD48A}
	EndGlobalSection
EndGlobal
